# THIS IS AN AUTOGENERATED FILE. DO NOT EDIT THIS FILE DIRECTLY.
# yarn lockfile v1


"@jridgewell/sourcemap-codec@^1.4.13":
  version "1.4.14"
  resolved "https://registry.npmmirror.com/@jridgewell/sourcemap-codec/-/sourcemap-codec-1.4.14.tgz#add4c98d341472a289190b424efbdb096991bb24"
  integrity sha512-XPSJHWmi394fuUuzDnGz1wiKqWfo1yXecHQMRf2l6hztTO+nPru658AyDngaBe7isIxEkRsPR3FZh+s7iVa4Uw==

"@logseq/libs@^0.0.15":
  version "0.0.15"
  resolved "https://registry.npmmirror.com/@logseq/libs/-/libs-0.0.15.tgz#03b8b81a0a1557e3f022d68c978ddcb501cd4421"
  integrity sha512-Z4YrYGfu8Y3s9LTqVnPGkxlO+KZtP1YalH/A63zYgxP61cV5QtKlnHWNcjsKxsD5CkaSL4MlSN4mf7wNx/Fm0A==
  dependencies:
    csstype "3.1.0"
    debug "4.3.4"
    dompurify "2.3.8"
    eventemitter3 "4.0.7"
    fast-deep-equal "3.1.3"
    lodash-es "4.17.21"
    path "0.12.7"
    snake-case "3.0.4"

"@rollup/plugin-alias@^4.0.3":
  version "4.0.3"
  resolved "https://registry.npmmirror.com/@rollup/plugin-alias/-/plugin-alias-4.0.3.tgz#571f6fb26387df91d0363905a7fd835757727ae2"
  integrity sha512-ZuDWE1q4PQDhvm/zc5Prun8sBpLJy41DMptYrS6MhAy9s9kL/doN1613BWfEchGVfKxzliJ3BjbOPizXX38DbQ==
  dependencies:
    slash "^4.0.0"

"@rollup/plugin-html@^0.2.4":
  version "0.2.4"
  resolved "https://registry.npmmirror.com/@rollup/plugin-html/-/plugin-html-0.2.4.tgz#11e0c1255b2986a71a858c8cbc6a6313d0b46c1e"
  integrity sha512-x0qpNXxbmGa9Jnl4OX89AORPe2T/a4DqNK69BGRnEdaPKq6MdiUXSTam/eCkF5DxkQGcRcPq0L4vzr/E3q4mVA==

"@rollup/plugin-json@^4.1.0":
  version "4.1.0"
  resolved "https://registry.npmmirror.com/@rollup/plugin-json/-/plugin-json-4.1.0.tgz#54e09867ae6963c593844d8bd7a9c718294496f3"
  integrity sha512-yfLbTdNS6amI/2OpmbiBoW12vngr5NW2jCJVZSBEz+H5KfUJZ2M7sDjk0U6GOOdCWFVScShte29o9NezJ53TPw==
  dependencies:
    "@rollup/pluginutils" "^3.0.8"

"@rollup/plugin-node-resolve@^13.3.0":
  version "13.3.0"
  resolved "https://registry.npmmirror.com/@rollup/plugin-node-resolve/-/plugin-node-resolve-13.3.0.tgz#da1c5c5ce8316cef96a2f823d111c1e4e498801c"
  integrity sha512-Lus8rbUo1eEcnS4yTFKLZrVumLPY+YayBdWXgFSHYhTT2iJbMhoaaBL3xl5NCdeRytErGr8tZ0L71BMRmnlwSw==
  dependencies:
    "@rollup/pluginutils" "^3.1.0"
    "@types/resolve" "1.17.1"
    deepmerge "^4.2.2"
    is-builtin-module "^3.1.0"
    is-module "^1.0.0"
    resolve "^1.19.0"

"@rollup/plugin-replace@^5.0.2":
  version "5.0.2"
  resolved "https://registry.npmmirror.com/@rollup/plugin-replace/-/plugin-replace-5.0.2.tgz#45f53501b16311feded2485e98419acb8448c61d"
  integrity sha512-M9YXNekv/C/iHHK+cvORzfRYfPbq0RDD8r0G+bMiTXjNGKulPnCT9O3Ss46WfhI6ZOCgApOP7xAdmCQJ+U2LAA==
  dependencies:
    "@rollup/pluginutils" "^5.0.1"
    magic-string "^0.27.0"

"@rollup/pluginutils@^3.0.8", "@rollup/pluginutils@^3.1.0":
  version "3.1.0"
  resolved "https://registry.npmmirror.com/@rollup/pluginutils/-/pluginutils-3.1.0.tgz#706b4524ee6dc8b103b3c995533e5ad680c02b9b"
  integrity sha512-GksZ6pr6TpIjHm8h9lSQ8pi8BE9VeubNT0OMJ3B5uZJ8pz73NPiqOtCog/x2/QzM1ENChPKxMDhiQuRHsqc+lg==
  dependencies:
    "@types/estree" "0.0.39"
    estree-walker "^1.0.1"
    picomatch "^2.2.2"

"@rollup/pluginutils@^4.2.1":
  version "4.2.1"
  resolved "https://registry.npmmirror.com/@rollup/pluginutils/-/pluginutils-4.2.1.tgz#e6c6c3aba0744edce3fb2074922d3776c0af2a6d"
  integrity sha512-iKnFXr7NkdZAIHiIWE+BX5ULi/ucVFYWD6TbAV+rZctiRTY2PL6tsIKhoIOaoskiWAkgu+VsbXgUVDNLHf+InQ==
  dependencies:
    estree-walker "^2.0.1"
    picomatch "^2.2.2"

"@rollup/pluginutils@^5.0.1":
  version "5.0.2"
  resolved "https://registry.npmmirror.com/@rollup/pluginutils/-/pluginutils-5.0.2.tgz#012b8f53c71e4f6f9cb317e311df1404f56e7a33"
  integrity sha512-pTd9rIsP92h+B6wWwFbW8RkZv4hiR/xKsqre4SIuAOaOEQRxi0lqLke9k2/7WegC85GgUs9pjmOjCUi3In4vwA==
  dependencies:
    "@types/estree" "^1.0.0"
    estree-walker "^2.0.2"
    picomatch "^2.3.1"

"@swc/core-android-arm-eabi@1.2.218":
  version "1.2.218"
  resolved "https://registry.npmmirror.com/@swc/core-android-arm-eabi/-/core-android-arm-eabi-1.2.218.tgz#017792272e70a0511d7df3397a31d73c6ef37b40"
  integrity sha512-Q/uLCh262t3xxNzhCz+ZW9t+g2nWd0gZZO4jMYFWJs7ilKVNsBfRtfnNGGACHzkVuWLNDIWtAS2PSNodl7VUHQ==

"@swc/core-android-arm64@1.2.218":
  version "1.2.218"
  resolved "https://registry.npmmirror.com/@swc/core-android-arm64/-/core-android-arm64-1.2.218.tgz#ee1b6cd7281d9bd0f26d5d24843addf09365c137"
  integrity sha512-dy+8lUHUcyrkfPcl7azEQ4M44duRo1Uibz1E5/tltXCGoR6tu2ZN2VkqEKgA2a9XR3UD8/x4lv2r5evwJWy+uQ==

"@swc/core-darwin-arm64@1.2.218":
  version "1.2.218"
  resolved "https://registry.npmmirror.com/@swc/core-darwin-arm64/-/core-darwin-arm64-1.2.218.tgz#d73f6eedf0aac4ad117e67227d65d65c57657858"
  integrity sha512-aTpFjWio8G0oukN76VtXCBPtFzH0PXIQ+1dFjGGkzrBcU5suztCCbhPBGhKRoWp3NJBwfPDwwWzmG+ddXrVAKg==

"@swc/core-darwin-x64@1.2.218":
  version "1.2.218"
  resolved "https://registry.npmmirror.com/@swc/core-darwin-x64/-/core-darwin-x64-1.2.218.tgz#a872c618727ceac8780539b5fa8aa45ae600d362"
  integrity sha512-H3w/gNzROE6gVPZCAg5qvvPihzlg88Yi7HWb/mowfpNqH9/iJ8XMdwqJyovnfUeUXsuJQBFv6uXv/ri7qhGMHA==

"@swc/core-freebsd-x64@1.2.218":
  version "1.2.218"
  resolved "https://registry.npmmirror.com/@swc/core-freebsd-x64/-/core-freebsd-x64-1.2.218.tgz#6abc75e409739cad2ed9d57c1c741e8e5759794c"
  integrity sha512-kkch07yCSlpUrSMp0FZPWtMHJjh3lfHiwp7JYNf6CUl5xXlgT19NeomPYq31dbTzPV2VnE7TVVlAawIjuuOH4g==

"@swc/core-linux-arm-gnueabihf@1.2.218":
  version "1.2.218"
  resolved "https://registry.npmmirror.com/@swc/core-linux-arm-gnueabihf/-/core-linux-arm-gnueabihf-1.2.218.tgz#a1a1bb172632082766770e47426df606c828d28c"
  integrity sha512-vwEgvtD9f/+0HFxYD5q4sd8SG6zd0cxm17cwRGZ6jWh/d4Ninjht3CpDGE1ffh9nJ+X3Mb/7rjU/kTgWFz5qfg==

"@swc/core-linux-arm64-gnu@1.2.218":
  version "1.2.218"
  resolved "https://registry.npmmirror.com/@swc/core-linux-arm64-gnu/-/core-linux-arm64-gnu-1.2.218.tgz#4d3325cd35016dd5ec389084bd5c304348002b15"
  integrity sha512-g5PQI6COUHV7x7tyaZQn6jXWtOLXXNIEQK1HS5/e+6kqqsM2NsndE9bjLhoH1EQuXiN2eUjAR/ZDOFAg102aRw==

"@swc/core-linux-arm64-musl@1.2.218":
  version "1.2.218"
  resolved "https://registry.npmmirror.com/@swc/core-linux-arm64-musl/-/core-linux-arm64-musl-1.2.218.tgz#8abab2fe12bb6a7687ff3bbd6030fcc728ed007d"
  integrity sha512-IETYHB6H01NmVmlw+Ng8nkjdFBv1exGQRR74GAnHis1bVx1Uq14hREIF6XT3I1Aj26nRwlGkIYQuEKnFO5/j3Q==

"@swc/core-linux-x64-gnu@1.2.218":
  version "1.2.218"
  resolved "https://registry.npmmirror.com/@swc/core-linux-x64-gnu/-/core-linux-x64-gnu-1.2.218.tgz#39227c15018d9b5253e7679bc8bbe3fd7ed109cd"
  integrity sha512-PK39Zg4/YZbfchQRw77iVfB7Qat7QaK58sQt8enH39CUMXlJ+GSfC0Fqw2mtZ12sFGwmsGrK9yBy3ZVoOws5Ng==

"@swc/core-linux-x64-musl@1.2.218":
  version "1.2.218"
  resolved "https://registry.npmmirror.com/@swc/core-linux-x64-musl/-/core-linux-x64-musl-1.2.218.tgz#d661bfc6a9f0c35979c0e608777355222092e534"
  integrity sha512-SNjrzORJYiKTSmFbaBkKZAf5B/PszwoZoFZOcd86AG192zsvQBSvKjQzMjT5rDZxB+sOnhRE7wH/bvqxZishQQ==

"@swc/core-win32-arm64-msvc@1.2.218":
  version "1.2.218"
  resolved "https://registry.npmmirror.com/@swc/core-win32-arm64-msvc/-/core-win32-arm64-msvc-1.2.218.tgz#ea94260b36010d67f529d2f73c99e7d338a98711"
  integrity sha512-lVXFWkYl+w8+deq9mgGsfvSY5Gr1RRjFgqZ+0wMZgyaonfx7jNn3TILUwc7egumEwxK0anNriVZCyKfcO3ZIjA==

"@swc/core-win32-ia32-msvc@1.2.218":
  version "1.2.218"
  resolved "https://registry.npmmirror.com/@swc/core-win32-ia32-msvc/-/core-win32-ia32-msvc-1.2.218.tgz#b5b5fbbe17680e0e1626d974ac2ace2866da7639"
  integrity sha512-jgP+NZsHUh9Cp8PcXznnkpJTW3hPDLUgsXI0NKfE+8+Xvc6hALHxl6K46IyPYU67FfFlegYcBSNkOgpc85gk0A==

"@swc/core-win32-x64-msvc@1.2.218":
  version "1.2.218"
  resolved "https://registry.npmmirror.com/@swc/core-win32-x64-msvc/-/core-win32-x64-msvc-1.2.218.tgz#9f6ba50cac6e3322d844cc24418c7b0ab08f7e0e"
  integrity sha512-XYLjX00KV4ft324Q3QDkw61xHkoN7EKkVvIpb0wXaf6wVshwU+BCDyPw2CSg4PQecNP8QGgMRQf9QM7xNtEM7A==

"@swc/core@^1.2.218":
  version "1.2.218"
  resolved "https://registry.npmmirror.com/@swc/core/-/core-1.2.218.tgz#3bc7532621f491bf920d103a4a0433ac7df9d390"
  integrity sha512-wzXTeBUi3YAHr305lCo1tlxRj5Zpk7hu6rmulngH06NgrH7fS6bj8IaR7K2QPZ4ZZ4U+TGS2tOKbXBmqeMRUtg==
  optionalDependencies:
    "@swc/core-android-arm-eabi" "1.2.218"
    "@swc/core-android-arm64" "1.2.218"
    "@swc/core-darwin-arm64" "1.2.218"
    "@swc/core-darwin-x64" "1.2.218"
    "@swc/core-freebsd-x64" "1.2.218"
    "@swc/core-linux-arm-gnueabihf" "1.2.218"
    "@swc/core-linux-arm64-gnu" "1.2.218"
    "@swc/core-linux-arm64-musl" "1.2.218"
    "@swc/core-linux-x64-gnu" "1.2.218"
    "@swc/core-linux-x64-musl" "1.2.218"
    "@swc/core-win32-arm64-msvc" "1.2.218"
    "@swc/core-win32-ia32-msvc" "1.2.218"
    "@swc/core-win32-x64-msvc" "1.2.218"

"@types/estree@0.0.39":
  version "0.0.39"
  resolved "https://registry.npmmirror.com/@types/estree/-/estree-0.0.39.tgz#e177e699ee1b8c22d23174caaa7422644389509f"
  integrity sha512-EYNwp3bU+98cpU4lAWYYL7Zz+2gryWH1qbdDTidVd6hkiR6weksdbMadyXKXNPEkQFhXM+hVO9ZygomHXp+AIw==

"@types/estree@^1.0.0":
  version "1.0.0"
  resolved "https://registry.npmmirror.com/@types/estree/-/estree-1.0.0.tgz#5fb2e536c1ae9bf35366eed879e827fa59ca41c2"
  integrity sha512-WulqXMDUTYAXCjZnk6JtIHPigp55cVtDgDrO2gHRwhyJto21+1zbVCtOYB2L1F9w4qCQ0rOGWBnBe0FNTiEJIQ==

"@types/node@*":
  version "18.6.1"
  resolved "https://registry.npmmirror.com/@types/node/-/node-18.6.1.tgz#828e4785ccca13f44e2fb6852ae0ef11e3e20ba5"
  integrity sha512-z+2vB6yDt1fNwKOeGbckpmirO+VBDuQqecXkgeIqDlaOtmKn6hPR/viQ8cxCfqLU4fTlvM3+YjM367TukWdxpg==

"@types/resolve@1.17.1":
  version "1.17.1"
  resolved "https://registry.npmmirror.com/@types/resolve/-/resolve-1.17.1.tgz#3afd6ad8967c77e4376c598a82ddd58f46ec45d6"
  integrity sha512-yy7HuzQhj0dhGpD8RLXSZWEkLsV9ibvxvi6EiJ3bkqLAO1RGo0WbkWQiwpRlSFymTJRz0d3k5LM3kkx8ArDbLw==
  dependencies:
    "@types/node" "*"

balanced-match@^1.0.0:
  version "1.0.2"
  resolved "https://registry.npmmirror.com/balanced-match/-/balanced-match-1.0.2.tgz#e83e3a7e3f300b34cb9d87f615fa0cbf357690ee"
  integrity sha512-3oSeUO0TMV67hN1AmbXsK4yaqU7tjiHlbxRDZOpH0KW9+CeX4bRAaX0Anxt0tx2MrpRpWwQaPwIlISEJhYU5Pw==

brace-expansion@^2.0.1:
  version "2.0.1"
  resolved "https://registry.npmmirror.com/brace-expansion/-/brace-expansion-2.0.1.tgz#1edc459e0f0c548486ecf9fc99f2221364b9a0ae"
  integrity sha512-XnAIvQ8eM+kC6aULx6wuQiwVsnzsi9d3WxzV3FpWTGA19F621kwdbsAcFKXgKUHZWsy+mY6iL1sHTxWEFCytDA==
  dependencies:
    balanced-match "^1.0.0"

builtin-modules@^3.0.0:
  version "3.3.0"
  resolved "https://registry.npmmirror.com/builtin-modules/-/builtin-modules-3.3.0.tgz#cae62812b89801e9656336e46223e030386be7b6"
  integrity sha512-zhaCDicdLuWN5UbN5IMnFqNMhNfo919sH85y2/ea+5Yg9TsTkeZxpL+JLbp6cgYFS4sRLp3YV4S6yDuqVWHYOw==

csstype@3.1.0:
  version "3.1.0"
  resolved "https://registry.npmmirror.com/csstype/-/csstype-3.1.0.tgz#4ddcac3718d787cf9df0d1b7d15033925c8f29f2"
  integrity sha512-uX1KG+x9h5hIJsaKR9xHUeUraxf8IODOwq9JLNPq6BwB04a/xgpq3rcx47l5BZu5zBPlgD342tdke3Hom/nJRA==

debug@4.3.4:
  version "4.3.4"
  resolved "https://registry.npmmirror.com/debug/-/debug-4.3.4.tgz#1319f6579357f2338d3337d2cdd4914bb5dcc865"
  integrity sha512-PRWFHuSU3eDtQJPvnNY7Jcket1j0t5OuOsFzPPzsekD52Zl8qUfFIPEiswXqIvHWGVHOgX+7G/vCNNhehwxfkQ==
  dependencies:
    ms "2.1.2"

deepmerge@^4.2.2:
  version "4.2.2"
  resolved "https://registry.npmmirror.com/deepmerge/-/deepmerge-4.2.2.tgz#44d2ea3679b8f4d4ffba33f03d865fc1e7bf4955"
  integrity sha512-FJ3UgI4gIl+PHZm53knsuSFpE+nESMr7M4v9QcgB7S63Kj/6WqMiFQJpBBYz1Pt+66bZpP3Q7Lye0Oo9MPKEdg==

dompurify@2.3.8:
  version "2.3.8"
  resolved "https://registry.npmmirror.com/dompurify/-/dompurify-2.3.8.tgz#224fe9ae57d7ebd9a1ae1ac18c1c1ca3f532226f"
  integrity sha512-eVhaWoVibIzqdGYjwsBWodIQIaXFSB+cKDf4cfxLMsK0xiud6SE+/WCVx/Xw/UwQsa4cS3T2eITcdtmTg2UKcw==

dot-case@^3.0.4:
  version "3.0.4"
  resolved "https://registry.npmmirror.com/dot-case/-/dot-case-3.0.4.tgz#9b2b670d00a431667a8a75ba29cd1b98809ce751"
  integrity sha512-Kv5nKlh6yRrdrGvxeJ2e5y2eRUpkUosIW4A2AS38zwSz27zu7ufDwQPi5Jhs3XAlGNetl3bmnGhQsMtkKJnj3w==
  dependencies:
    no-case "^3.0.4"
    tslib "^2.0.3"

estree-walker@^1.0.1:
  version "1.0.1"
  resolved "https://registry.npmmirror.com/estree-walker/-/estree-walker-1.0.1.tgz#31bc5d612c96b704106b477e6dd5d8aa138cb700"
  integrity sha512-1fMXF3YP4pZZVozF8j/ZLfvnR8NSIljt56UhbZ5PeeDmmGHpgpdwQt7ITlGvYaQukCvuBRMLEiKiYC+oeIg4cg==

estree-walker@^2.0.1, estree-walker@^2.0.2:
  version "2.0.2"
  resolved "https://registry.npmmirror.com/estree-walker/-/estree-walker-2.0.2.tgz#52f010178c2a4c117a7757cfe942adb7d2da4cac"
  integrity sha512-Rfkk/Mp/DL7JVje3u18FxFujQlTNR2q6QfMSMB7AvCBx91NGj/ba3kCfza0f6dVDbw7YlRf/nDrn7pQrCCyQ/w==

eventemitter3@4.0.7:
  version "4.0.7"
  resolved "https://registry.npmmirror.com/eventemitter3/-/eventemitter3-4.0.7.tgz#2de9b68f6528d5644ef5c59526a1b4a07306169f"
  integrity sha512-8guHBZCwKnFhYdHr2ysuRWErTwhoN2X8XELRlrRwpmfeY2jjuUN4taQMsULKUVo1K4DvZl+0pgfyoysHxvmvEw==

fast-deep-equal@3.1.3:
  version "3.1.3"
  resolved "https://registry.npmmirror.com/fast-deep-equal/-/fast-deep-equal-3.1.3.tgz#3a7d56b559d6cbc3eb512325244e619a65c6c525"
  integrity sha512-f3qQ9oQy9j2AhBe/H9VC91wLmKBCCU/gDOnKNAYG5hswO7BLKj09Hc5HYNz9cGI++xlpDCIgDaitVs03ATR84Q==

fs.realpath@^1.0.0:
  version "1.0.0"
  resolved "https://registry.npmmirror.com/fs.realpath/-/fs.realpath-1.0.0.tgz#1504ad2523158caa40db4a2787cb01411994ea4f"
  integrity sha512-OO0pH2lK6a0hZnAdau5ItzHPI6pUlvI7jMVnxUQRtw4owF2wk8lOSabtGDCTP4Ggrg2MbGnWO9X8K1t4+fGMDw==

fsevents@~2.3.2:
  version "2.3.2"
  resolved "https://registry.npmmirror.com/fsevents/-/fsevents-2.3.2.tgz#8a526f78b8fdf4623b709e0b975c52c24c02fd1a"
  integrity sha512-xiqMQR4xAeHTuB9uWm+fFRcIOgKBMiOBP+eXiyT7jsgVCq1bkVygt00oASowB7EdtpOHaaPgKt812P9ab+DDKA==

function-bind@^1.1.1:
  version "1.1.1"
  resolved "https://registry.npmmirror.com/function-bind/-/function-bind-1.1.1.tgz#a56899d3ea3c9bab874bb9773b7c5ede92f4895d"
  integrity sha512-yIovAzMX49sF8Yl58fSCWJ5svSLuaibPxXQJFLmBObTuCr0Mf1KiPopGM9NiFjiYBCbfaa2Fh6breQ6ANVTI0A==

glob@^8.0.3:
  version "8.0.3"
  resolved "https://registry.npmmirror.com/glob/-/glob-8.0.3.tgz#415c6eb2deed9e502c68fa44a272e6da6eeca42e"
  integrity sha512-ull455NHSHI/Y1FqGaaYFaLGkNMMJbavMrEGFXG/PGrg6y7sutWHUHrz6gy6WEBH6akM1M414dWKCNs+IhKdiQ==
  dependencies:
    fs.realpath "^1.0.0"
    inflight "^1.0.4"
    inherits "2"
    minimatch "^5.0.1"
    once "^1.3.0"

has@^1.0.3:
  version "1.0.3"
  resolved "https://registry.npmmirror.com/has/-/has-1.0.3.tgz#722d7cbfc1f6aa8241f16dd814e011e1f41e8796"
  integrity sha512-f2dvO0VU6Oej7RkWJGrehjbzMAjFp5/VKPp5tTpWIV4JHHZK1/BxbFRtf/siA2SWTe09caDmVtYYzWEIbBS4zw==
  dependencies:
    function-bind "^1.1.1"

inflight@^1.0.4:
  version "1.0.6"
  resolved "https://registry.npmmirror.com/inflight/-/inflight-1.0.6.tgz#49bd6331d7d02d0c09bc910a1075ba8165b56df9"
  integrity sha512-k92I/b08q4wvFscXCLvqfsHCrjrF7yiXsQuIVvVE7N82W3+aqpzuUdBbfhWcy/FZR3/4IgflMgKLOsvPDrGCJA==
  dependencies:
    once "^1.3.0"
    wrappy "1"

inherits@2:
  version "2.0.4"
  resolved "https://registry.npmmirror.com/inherits/-/inherits-2.0.4.tgz#0fa2c64f932917c3433a0ded55363aae37416b7c"
  integrity sha512-k/vGaX4/Yla3WzyMCvTQOXYeIHvqOKtnqBduzTHpzpQZzAskKMhZ2K+EnBiSM9zGSoIFeMpXKxa4dYeZIQqewQ==

inherits@2.0.3:
  version "2.0.3"
  resolved "https://registry.npmmirror.com/inherits/-/inherits-2.0.3.tgz#633c2c83e3da42a502f52466022480f4208261de"
  integrity sha512-x00IRNXNy63jwGkJmzPigoySHbaqpNuzKbBOmzK+g2OdZpQ9w+sxCN+VSB3ja7IAge2OP2qpfxTjeNcyjmW1uw==

is-builtin-module@^3.1.0:
  version "3.1.0"
  resolved "https://registry.npmmirror.com/is-builtin-module/-/is-builtin-module-3.1.0.tgz#6fdb24313b1c03b75f8b9711c0feb8c30b903b00"
  integrity sha512-OV7JjAgOTfAFJmHZLvpSTb4qi0nIILDV1gWPYDnDJUTNFM5aGlRAhk4QcT8i7TuAleeEV5Fdkqn3t4mS+Q11fg==
  dependencies:
    builtin-modules "^3.0.0"

is-core-module@^2.9.0:
  version "2.9.0"
  resolved "https://registry.npmmirror.com/is-core-module/-/is-core-module-2.9.0.tgz#e1c34429cd51c6dd9e09e0799e396e27b19a9c69"
  integrity sha512-+5FPy5PnwmO3lvfMb0AsoPaBG+5KHUI0wYFXOtYPnVVVspTFUuMZNfNaNVRt3FZadstu2c8x23vykRW/NBoU6A==
  dependencies:
    has "^1.0.3"

is-module@^1.0.0:
  version "1.0.0"
  resolved "https://registry.npmmirror.com/is-module/-/is-module-1.0.0.tgz#3258fb69f78c14d5b815d664336b4cffb6441591"
  integrity sha512-51ypPSPCoTEIN9dy5Oy+h4pShgJmPCygKfyRCISBI+JoWT/2oJvK8QPxmwv7b/p239jXrm9M1mlQbyKJ5A152g==

joycon@^3.1.1:
  version "3.1.1"
  resolved "https://registry.npmmirror.com/joycon/-/joycon-3.1.1.tgz#bce8596d6ae808f8b68168f5fc69280996894f03"
  integrity sha512-34wB/Y7MW7bzjKRjUKTa46I2Z7eV62Rkhva+KkopW7Qvv/OSWBqvkSY7vusOPrNuZcUG3tApvdVgNB8POj3SPw==

jsonc-parser@^3.0.0:
  version "3.1.0"
  resolved "https://registry.npmmirror.com/jsonc-parser/-/jsonc-parser-3.1.0.tgz#73b8f0e5c940b83d03476bc2e51a20ef0932615d"
  integrity sha512-DRf0QjnNeCUds3xTjKlQQ3DpJD51GvDjJfnxUVWg6PZTo2otSm+slzNAxU/35hF8/oJIKoG9slq30JYOsF2azg==

lodash-es@4.17.21:
  version "4.17.21"
  resolved "https://registry.npmmirror.com/lodash-es/-/lodash-es-4.17.21.tgz#43e626c46e6591b7750beb2b50117390c609e3ee"
  integrity sha512-mKnC+QJ9pWVzv+C4/U3rRsHapFfHvQFoFB92e52xeyGMcX6/OlIl78je1u8vePzYZSkkogMPJ2yjxxsb89cxyw==

logseq-l10n@^0.2.0:
  version "0.2.0"
  resolved "https://registry.npmmirror.com/logseq-l10n/-/logseq-l10n-0.2.0.tgz#642ba00f8738dc20dfa983fe223465b5318a6204"
  integrity sha512-exBSvxVijlAW6Zy6eYRWGroJL3qxAouCZqSQzAeIRuoIU8nA0vN2S2+5slvWTFM159hlqhtdJXqudwgCs4y2Vg==

lower-case@^2.0.2:
  version "2.0.2"
  resolved "https://registry.npmmirror.com/lower-case/-/lower-case-2.0.2.tgz#6fa237c63dbdc4a82ca0fd882e4722dc5e634e28"
  integrity sha512-7fm3l3NAF9WfN6W3JOmf5drwpVqX78JtoGJ3A6W0a6ZnldM41w2fV5D490psKFTpMds8TJse/eHLFFsNHHjHgg==
  dependencies:
    tslib "^2.0.3"

lunr@^2.3.9:
  version "2.3.9"
  resolved "https://registry.npmmirror.com/lunr/-/lunr-2.3.9.tgz#18b123142832337dd6e964df1a5a7707b25d35e1"
  integrity sha512-zTU3DaZaF3Rt9rhN3uBMGQD3dD2/vFQqnvZCDv4dl5iOzq2IZQqTxu90r4E5J+nP70J3ilqVCrbho2eWaeW8Ow==

magic-string@^0.27.0:
  version "0.27.0"
  resolved "https://registry.npmmirror.com/magic-string/-/magic-string-0.27.0.tgz#e4a3413b4bab6d98d2becffd48b4a257effdbbf3"
  integrity sha512-8UnnX2PeRAPZuN12svgR9j7M1uWMovg/CEnIwIG0LFkXSJJe4PdfUGiTGl8V9bsBHFUtfVINcSyYxd7q+kx9fA==
  dependencies:
    "@jridgewell/sourcemap-codec" "^1.4.13"

marked@^4.0.16:
  version "4.0.18"
  resolved "https://registry.npmmirror.com/marked/-/marked-4.0.18.tgz#cd0ac54b2e5610cfb90e8fd46ccaa8292c9ed569"
  integrity sha512-wbLDJ7Zh0sqA0Vdg6aqlbT+yPxqLblpAZh1mK2+AO2twQkPywvvqQNfEPVwSSRjZ7dZcdeVBIAgiO7MMp3Dszw==

marked@^4.0.19:
  version "4.2.12"
  resolved "https://registry.npmmirror.com/marked/-/marked-4.2.12.tgz#d69a64e21d71b06250da995dcd065c11083bebb5"
  integrity sha512-yr8hSKa3Fv4D3jdZmtMMPghgVt6TWbk86WQaWhDloQjRSQhMMYCAro7jP7VDJrjjdV8pxVxMssXS8B8Y5DZ5aw==

minimatch@^5.0.1, minimatch@^5.1.0:
  version "5.1.0"
  resolved "https://registry.npmmirror.com/minimatch/-/minimatch-5.1.0.tgz#1717b464f4971b144f6aabe8f2d0b8e4511e09c7"
  integrity sha512-9TPBGGak4nHfGZsPBohm9AWg6NoT7QTCehS3BIJABslyZbzxfV78QM2Y6+i741OPZIafFAaiiEMh5OyIrJPgtg==
  dependencies:
    brace-expansion "^2.0.1"

ms@2.1.2:
  version "2.1.2"
  resolved "https://registry.npmmirror.com/ms/-/ms-2.1.2.tgz#d09d1f357b443f493382a8eb3ccd183872ae6009"
  integrity sha512-sGkPx+VjMtmA6MX27oA4FBFELFCZZ4S4XqeGOXCv68tT+jb3vk/RyaKWP0PTKyWtmLSM0b+adUTEvbs1PEaH2w==

no-case@^3.0.4:
  version "3.0.4"
  resolved "https://registry.npmmirror.com/no-case/-/no-case-3.0.4.tgz#d361fd5c9800f558551a8369fc0dcd4662b6124d"
  integrity sha512-fgAN3jGAh+RoxUGZHTSOLJIqUc2wmoBwGR4tbpNAKmmovFoWq0OdRkb0VkldReO2a2iBT/OEulG9XSUc10r3zg==
  dependencies:
    lower-case "^2.0.2"
    tslib "^2.0.3"

once@^1.3.0:
  version "1.4.0"
  resolved "https://registry.npmmirror.com/once/-/once-1.4.0.tgz#583b1aa775961d4b113ac17d9c50baef9dd76bd1"
  integrity sha512-lNaJgI+2Q5URQBkccEKHTQOPaXdUxnZZElQTZY0MFUAuaEqe1E+Nyvgdz/aIyNi6Z9MzO5dv1H8n58/GELp3+w==
  dependencies:
    wrappy "1"

path-parse@^1.0.7:
  version "1.0.7"
  resolved "https://registry.npmmirror.com/path-parse/-/path-parse-1.0.7.tgz#fbc114b60ca42b30d9daf5858e4bd68bbedb6735"
  integrity sha512-LDJzPVEEEPR+y48z93A0Ed0yXb8pAByGWo/k5YYdYgpY2/2EsOsksJrq7lOHxryrVOn1ejG6oAp8ahvOIQD8sw==

path@0.12.7:
  version "0.12.7"
  resolved "https://registry.npmmirror.com/path/-/path-0.12.7.tgz#d4dc2a506c4ce2197eb481ebfcd5b36c0140b10f"
  integrity sha512-aXXC6s+1w7otVF9UletFkFcDsJeO7lSZBPUQhtb5O0xJe8LtYhj/GxldoL09bBj9+ZmE2hNoHqQSFMN5fikh4Q==
  dependencies:
    process "^0.11.1"
    util "^0.10.3"

picomatch@^2.2.2, picomatch@^2.3.1:
  version "2.3.1"
  resolved "https://registry.npmmirror.com/picomatch/-/picomatch-2.3.1.tgz#3ba3833733646d9d3e4995946c1365a67fb07a42"
  integrity sha512-JU3teHTNjmE2VCGFzuY8EXzCDVwEqB2a8fsIvwaStHhAWJEeVd1o1QD80CU6+ZdEXXSLbSsuLwJjkCBWqRQUVA==

preact@^10.12.1:
  version "10.12.1"
  resolved "https://registry.npmmirror.com/preact/-/preact-10.12.1.tgz#8f9cb5442f560e532729b7d23d42fd1161354a21"
  integrity sha512-l8386ixSsBdbreOAkqtrwqHwdvR35ID8c3rKPa8lCWuO86dBi32QWHV4vfsZK1utLLFMvw+Z5Ad4XLkZzchscg==

process@^0.11.1:
  version "0.11.10"
  resolved "https://registry.npmmirror.com/process/-/process-0.11.10.tgz#7332300e840161bda3e69a1d1d91a7d4bc16f182"
  integrity sha512-cdGef/drWFoydD1JsMzuFf8100nZl+GT+yacc2bEced5f9Rjk4z+WtFUTBu9PhOi9j/jfmBPu0mMEY4wIdAF8A==

resolve@^1.19.0:
  version "1.22.1"
  resolved "https://registry.npmmirror.com/resolve/-/resolve-1.22.1.tgz#27cb2ebb53f91abb49470a928bba7558066ac177"
  integrity sha512-nBpuuYuY5jFsli/JIs1oldw6fOQCBioohqWZg/2hiaOybXOft4lonv85uDOKXdf8rhyK159cxU5cDcK/NKk8zw==
  dependencies:
    is-core-module "^2.9.0"
    path-parse "^1.0.7"
    supports-preserve-symlinks-flag "^1.0.0"

rollup-plugin-swc3@^0.3.0:
  version "0.3.0"
  resolved "https://registry.npmmirror.com/rollup-plugin-swc3/-/rollup-plugin-swc3-0.3.0.tgz#c0dc88aea4958a45d5fc8a8f2e2878b1031dabad"
  integrity sha512-ZQK2XxYxSspmT8j6/Y4CaxRxAlZHbNnxI+m+yJ5I87ZLp5uH7CYL4hFlJk1jkcZ+Q2QC19jIg7AClB/7+XFljw==
  dependencies:
    "@rollup/pluginutils" "^4.2.1"
    deepmerge "^4.2.2"
    joycon "^3.1.1"
    jsonc-parser "^3.0.0"
    typedoc "^0.22.15"

rollup@^2.77.1:
  version "2.77.1"
  resolved "https://registry.npmmirror.com/rollup/-/rollup-2.77.1.tgz#63463ebdbc04232fc42630ec72d137cd4400975d"
  integrity sha512-GhutNJrvTYD6s1moo+kyq7lD9DeR5HDyXo4bDFlDSkepC9kVKY+KK/NSZFzCmeXeia3kEzVuToQmHRdugyZHxw==
  optionalDependencies:
    fsevents "~2.3.2"

shiki@^0.10.1:
  version "0.10.1"
  resolved "https://registry.npmmirror.com/shiki/-/shiki-0.10.1.tgz#6f9a16205a823b56c072d0f1a0bcd0f2646bef14"
  integrity sha512-VsY7QJVzU51j5o1+DguUd+6vmCmZ5v/6gYu4vyYAhzjuNQU6P/vmSy4uQaOhvje031qQMiW0d2BwgMH52vqMng==
  dependencies:
    jsonc-parser "^3.0.0"
    vscode-oniguruma "^1.6.1"
    vscode-textmate "5.2.0"

slash@^4.0.0:
  version "4.0.0"
  resolved "https://registry.npmmirror.com/slash/-/slash-4.0.0.tgz#2422372176c4c6c5addb5e2ada885af984b396a7"
  integrity sha512-3dOsAHXXUkQTpOYcoAxLIorMTp4gIQr5IW3iVb7A7lFIp0VHhnynm9izx6TssdrIcVIESAlVjtnO2K8bg+Coew==

snake-case@3.0.4:
  version "3.0.4"
  resolved "https://registry.npmmirror.com/snake-case/-/snake-case-3.0.4.tgz#4f2bbd568e9935abdfd593f34c691dadb49c452c"
  integrity sha512-LAOh4z89bGQvl9pFfNF8V146i7o7/CqFPbqzYgP+yYzDIDeS9HaNFtXABamRW+AQzEVODcvE79ljJ+8a9YSdMg==
  dependencies:
    dot-case "^3.0.4"
    tslib "^2.0.3"

supports-preserve-symlinks-flag@^1.0.0:
  version "1.0.0"
  resolved "https://registry.npmmirror.com/supports-preserve-symlinks-flag/-/supports-preserve-symlinks-flag-1.0.0.tgz#6eda4bd344a3c94aea376d4cc31bc77311039e09"
  integrity sha512-ot0WnXS9fgdkgIcePe6RHNk1WA8+muPa6cSjeR3V8K27q9BB1rTE3R1p7Hv0z1ZyAc8s6Vvv8DIyWf681MAt0w==

tslib@^2.0.3:
  version "2.4.0"
  resolved "https://registry.npmmirror.com/tslib/-/tslib-2.4.0.tgz#7cecaa7f073ce680a05847aa77be941098f36dc3"
  integrity sha512-d6xOpEDfsi2CZVlPQzGeux8XMwLT9hssAsaPYExaQMuYskwb+x1x7J371tWlbBdWHroy99KnVB6qIkUbs5X3UQ==

typedoc@^0.22.15:
  version "0.22.18"
  resolved "https://registry.npmmirror.com/typedoc/-/typedoc-0.22.18.tgz#1d000c33b66b88fd8cdfea14a26113a83b7e6591"
  integrity sha512-NK9RlLhRUGMvc6Rw5USEYgT4DVAUFk7IF7Q6MYfpJ88KnTZP7EneEa4RcP+tX1auAcz7QT1Iy0bUSZBYYHdoyA==
  dependencies:
    glob "^8.0.3"
    lunr "^2.3.9"
    marked "^4.0.16"
    minimatch "^5.1.0"
    shiki "^0.10.1"

util@^0.10.3:
  version "0.10.4"
  resolved "https://registry.npmmirror.com/util/-/util-0.10.4.tgz#3aa0125bfe668a4672de58857d3ace27ecb76901"
  integrity sha512-0Pm9hTQ3se5ll1XihRic3FDIku70C+iHUdT/W926rSgHV5QgXsYbKZN8MSC3tJtSkhuROzvsQjAaFENRXr+19A==
  dependencies:
    inherits "2.0.3"

vscode-oniguruma@^1.6.1:
  version "1.6.2"
  resolved "https://registry.npmmirror.com/vscode-oniguruma/-/vscode-oniguruma-1.6.2.tgz#aeb9771a2f1dbfc9083c8a7fdd9cccaa3f386607"
  integrity sha512-KH8+KKov5eS/9WhofZR8M8dMHWN2gTxjMsG4jd04YhpbPR91fUj7rYQ2/XjeHCJWbg7X++ApRIU9NUwM2vTvLA==

vscode-textmate@5.2.0:
  version "5.2.0"
  resolved "https://registry.npmmirror.com/vscode-textmate/-/vscode-textmate-5.2.0.tgz#01f01760a391e8222fe4f33fbccbd1ad71aed74e"
  integrity sha512-Uw5ooOQxRASHgu6C7GVvUxisKXfSgW4oFlO+aa+PAkgmH89O3CXxEEzNRNtHSqtXFTl0nAC1uYj0GMSH27uwtQ==

wrappy@1:
  version "1.0.2"
  resolved "https://registry.npmmirror.com/wrappy/-/wrappy-1.0.2.tgz#b5243d8f3ec1aa35f1364605bc0d1036e30ab69f"
  integrity sha512-l4Sp/DRseor9wL6EvV2+TuQn63dMkPjZ/sp9XkghTEbV9KlPS1xUsZ3u7/IQO4wxtcFB4bgpQPRcR3QCvezPcQ==
